
Microsoft Visual Studio Solution File, Format Version 12.00
# Visual Studio Version 16
VisualStudioVersion = 16.0.30503.244
MinimumVisualStudioVersion = 10.0.40219.1
Project("{FAE04EC0-301F-11D3-BF4B-00C04F79EFBC}") = "ShopBridge", "ShopBridge\ShopBridge.csproj", "{1553CE08-55EC-4D0B-9EB6-ED66ECFCDDDF}"
EndProject
Project("{FAE04EC0-301F-11D3-BF4B-00C04F79EFBC}") = "ShopBridge.Tests", "ShopBridge.Tests\ShopBridge.Tests.csproj", "{765B8E28-F564-4722-ACB9-2228237E4462}"
EndProject
Global
	GlobalSection(SolutionConfigurationPlatforms) = preSolution
		Debug|Any CPU = Debug|Any CPU
		Release|Any CPU = Release|Any CPU
	EndGlobalSection
	GlobalSection(ProjectConfigurationPlatforms) = postSolution
		{1553CE08-55EC-4D0B-9EB6-ED66ECFCDDDF}.Debug|Any CPU.ActiveCfg = Debug|Any CPU
		{1553CE08-55EC-4D0B-9EB6-ED66ECFCDDDF}.Debug|Any CPU.Build.0 = Debug|Any CPU
		{1553CE08-55EC-4D0B-9EB6-ED66ECFCDDDF}.Release|Any CPU.ActiveCfg = Release|Any CPU
		{1553CE08-55EC-4D0B-9EB6-ED66ECFCDDDF}.Release|Any CPU.Build.0 = Release|Any CPU
		{765B8E28-F564-4722-ACB9-2228237E4462}.Debug|Any CPU.ActiveCfg = Debug|Any CPU
		{765B8E28-F564-4722-ACB9-2228237E4462}.Debug|Any CPU.Build.0 = Debug|Any CPU
		{765B8E28-F564-4722-ACB9-2228237E4462}.Release|Any CPU.ActiveCfg = Release|Any CPU
		{765B8E28-F564-4722-ACB9-2228237E4462}.Release|Any CPU.Build.0 = Release|Any CPU
	EndGlobalSection
	GlobalSection(SolutionProperties) = preSolution
		HideSolutionNode = FALSE
	EndGlobalSection
	GlobalSection(ExtensibilityGlobals) = postSolution
		SolutionGuid = {59644387-41E1-4B53-A550-EDDC862E7188}
	EndGlobalSection
EndGlobal
